{
  "object": {
    "pins": [
      {
        "package": "swift-argument-parser",
        "repositoryURL": "https://github.com/apple/swift-argument-parser",
        "state": {
          "branch": null,
          "revision": "92646c0cdbaca076c8d3d0207891785b3379cbff",
          "version": "0.3.1"
        }
      },
      {
        "package": "TiledKit",
        "repositoryURL": "https://github.com/SwiftStudies/TiledKit",
        "state": {
          "branch": null,
          "revision": "0a36071aea8684e4db9495bb681894004de7bee2",
          "version": "0.0.15"
        }
      },
      {
        "package": "XMLCoder",
        "repositoryURL": "https://github.com/MaxDesiatov/XMLCoder.git",
        "state": {
          "branch": null,
          "revision": "ac411bd6ab342780be0dfe6f679410f791d751d9",
          "version": "0.11.1"
        }
      }
    ]
  },
  "version": 1
}
